
Microsoft Visual Studio Solution File, Format Version 12.00
# Visual Studio Version 16
VisualStudioVersion = 16.0.29418.71
MinimumVisualStudioVersion = 10.0.40219.1
Project("{FAE04EC0-301F-11D3-BF4B-00C04F79EFBC}") = "Marathon", "Marathon\Marathon.csproj", "{09863995-50D4-42D8-B72E-501211A6FF8C}"
EndProject
Global
	GlobalSection(SolutionConfigurationPlatforms) = preSolution
		Debug|Any CPU = Debug|Any CPU
		Release|Any CPU = Release|Any CPU
	EndGlobalSection
	GlobalSection(ProjectConfigurationPlatforms) = postSolution
		{09863995-50D4-42D8-B72E-501211A6FF8C}.Debug|Any CPU.ActiveCfg = Debug|Any CPU
		{09863995-50D4-42D8-B72E-501211A6FF8C}.Debug|Any CPU.Build.0 = Debug|Any CPU
		{09863995-50D4-42D8-B72E-501211A6FF8C}.Release|Any CPU.ActiveCfg = Release|Any CPU
		{09863995-50D4-42D8-B72E-501211A6FF8C}.Release|Any CPU.Build.0 = Release|Any CPU
	EndGlobalSection
	GlobalSection(SolutionProperties) = preSolution
		HideSolutionNode = FALSE
	EndGlobalSection
	GlobalSection(ExtensibilityGlobals) = postSolution
		SolutionGuid = {1AFE6198-6F07-4F15-A5F6-E928562A438B}
	EndGlobalSection
EndGlobal
